
Microsoft Visual Studio Solution File, Format Version 12.00
# Visual Studio Version 17
VisualStudioVersion = 17.4.33213.308
MinimumVisualStudioVersion = 10.0.40219.1
Project("{FAE04EC0-301F-11D3-BF4B-00C04F79EFBC}") = "SalesWebMvc", "SalesWebMvc\SalesWebMvc.csproj", "{02EAB284-D15D-4623-9CE1-9EF40F6DFDEA}"
EndProject
Global
	GlobalSection(SolutionConfigurationPlatforms) = preSolution
		Debug|Any CPU = Debug|Any CPU
		Release|Any CPU = Release|Any CPU
	EndGlobalSection
	GlobalSection(ProjectConfigurationPlatforms) = postSolution
		{02EAB284-D15D-4623-9CE1-9EF40F6DFDEA}.Debug|Any CPU.ActiveCfg = Debug|Any CPU
		{02EAB284-D15D-4623-9CE1-9EF40F6DFDEA}.Debug|Any CPU.Build.0 = Debug|Any CPU
		{02EAB284-D15D-4623-9CE1-9EF40F6DFDEA}.Release|Any CPU.ActiveCfg = Release|Any CPU
		{02EAB284-D15D-4623-9CE1-9EF40F6DFDEA}.Release|Any CPU.Build.0 = Release|Any CPU
	EndGlobalSection
	GlobalSection(SolutionProperties) = preSolution
		HideSolutionNode = FALSE
	EndGlobalSection
	GlobalSection(ExtensibilityGlobals) = postSolution
		SolutionGuid = {87443BCA-0934-4495-A907-45C9C0AA8A1F}
	EndGlobalSection
EndGlobal
